
Microsoft Visual Studio Solution File, Format Version 11.00
# Visual Studio 2010
Project("{8BC9CEB8-8B4A-11D0-8D11-00A0C91BC942}") = "wyyt", "wyyt\wyyt.vcxproj", "{14AA8999-352F-4979-B446-9A9D2D814EA9}"
EndProject
Project("{8BC9CEB8-8B4A-11D0-8D11-00A0C91BC942}") = "ResizableLib", "ResizableLib\ResizableLib.vcxproj", "{B6D79E70-4C31-455B-BE51-7B2D5F40A840}"
EndProject
Project("{8BC9CEB8-8B4A-11D0-8D11-00A0C91BC942}") = "cryptlib", "crypto\cryptlib.vcxproj", "{3423EC9A-52E4-4A4D-9753-EDEBC38785EF}"
EndProject
Project("{8BC9CEB8-8B4A-11D0-8D11-00A0C91BC942}") = "cximage", "CxImage\cximage.vcxproj", "{0D35DD7C-AD69-426D-8571-5CDCB60E1E17}"
EndProject
Project("{8BC9CEB8-8B4A-11D0-8D11-00A0C91BC942}") = "libpng", "png\libpng.vcxproj", "{0008960E-E0DD-41A6-8265-00B31DDB4C21}"
EndProject
Project("{8BC9CEB8-8B4A-11D0-8D11-00A0C91BC942}") = "zlib", "zlib\zlib.vcxproj", "{350B721F-9E77-4FBE-AEE0-3CBB08E0CD22}"
EndProject
Project("{8BC9CEB8-8B4A-11D0-8D11-00A0C91BC942}") = "en_US", "langs\en_US\en_US.vcxproj", "{AD1E6B4C-7ECC-4FCE-99C0-A3B280376128}"
EndProject
Project("{8BC9CEB8-8B4A-11D0-8D11-00A0C91BC942}") = "lib_json", "jsoncpp-0.10.7\makefiles\msvc2010\lib_json.vcxproj", "{1E6C2C1C-6453-4129-AE3F-0EE8E6599C89}"
EndProject
Project("{8BC9CEB8-8B4A-11D0-8D11-00A0C91BC942}") = "htmlcxx", "htmlcxx-0.86\htmlcxx.vcxproj", "{63D82F56-4B5F-4616-A3D7-2E6A4A752316}"
EndProject
Project("{2150E333-8FDC-42A3-9474-1A3956D46DE8}") = "Solution Items", "Solution Items", "{3E36BCFE-7483-43DC-B929-4559F0F18FBA}"
	ProjectSection(SolutionItems) = preProject
		说明.txt = 说明.txt
	EndProjectSection
EndProject
Global
	GlobalSection(SolutionConfigurationPlatforms) = preSolution
		Debug_Publish|Win32 = Debug_Publish|Win32
		Debug_Publish|x64 = Debug_Publish|x64
		Debug|Win32 = Debug|Win32
		Debug|x64 = Debug|x64
		Release_Public|Win32 = Release_Public|Win32
		Release_Public|x64 = Release_Public|x64
		Release_Publish|Win32 = Release_Publish|Win32
		Release_Publish|x64 = Release_Publish|x64
		Release|Win32 = Release|Win32
		Release|x64 = Release|x64
		ReleaseNoSSE|Win32 = ReleaseNoSSE|Win32
		ReleaseNoSSE|x64 = ReleaseNoSSE|x64
		SharedDebug|Win32 = SharedDebug|Win32
		SharedDebug|x64 = SharedDebug|x64
		SharedRelease|Win32 = SharedRelease|Win32
		SharedRelease|x64 = SharedRelease|x64
	EndGlobalSection
	GlobalSection(ProjectConfigurationPlatforms) = postSolution
		{14AA8999-352F-4979-B446-9A9D2D814EA9}.Debug_Publish|Win32.ActiveCfg = Debug_Publish|Win32
		{14AA8999-352F-4979-B446-9A9D2D814EA9}.Debug_Publish|Win32.Build.0 = Debug_Publish|Win32
		{14AA8999-352F-4979-B446-9A9D2D814EA9}.Debug_Publish|x64.ActiveCfg = Debug_Publish|Win32
		{14AA8999-352F-4979-B446-9A9D2D814EA9}.Debug|Win32.ActiveCfg = Debug|Win32
		{14AA8999-352F-4979-B446-9A9D2D814EA9}.Debug|Win32.Build.0 = Debug|Win32
		{14AA8999-352F-4979-B446-9A9D2D814EA9}.Debug|x64.ActiveCfg = Debug|Win32
		{14AA8999-352F-4979-B446-9A9D2D814EA9}.Release_Public|Win32.ActiveCfg = Release_Publish|Win32
		{14AA8999-352F-4979-B446-9A9D2D814EA9}.Release_Public|Win32.Build.0 = Release_Publish|Win32
		{14AA8999-352F-4979-B446-9A9D2D814EA9}.Release_Public|x64.ActiveCfg = Release_Publish|Win32
		{14AA8999-352F-4979-B446-9A9D2D814EA9}.Release_Publish|Win32.ActiveCfg = Release_Publish|Win32
		{14AA8999-352F-4979-B446-9A9D2D814EA9}.Release_Publish|Win32.Build.0 = Release_Publish|Win32
		{14AA8999-352F-4979-B446-9A9D2D814EA9}.Release_Publish|x64.ActiveCfg = Release_Publish|Win32
		{14AA8999-352F-4979-B446-9A9D2D814EA9}.Release|Win32.ActiveCfg = Release|Win32
		{14AA8999-352F-4979-B446-9A9D2D814EA9}.Release|Win32.Build.0 = Release|Win32
		{14AA8999-352F-4979-B446-9A9D2D814EA9}.Release|x64.ActiveCfg = Release|Win32
		{14AA8999-352F-4979-B446-9A9D2D814EA9}.ReleaseNoSSE|Win32.ActiveCfg = Release|Win32
		{14AA8999-352F-4979-B446-9A9D2D814EA9}.ReleaseNoSSE|Win32.Build.0 = Release|Win32
		{14AA8999-352F-4979-B446-9A9D2D814EA9}.ReleaseNoSSE|x64.ActiveCfg = Release|Win32
		{14AA8999-352F-4979-B446-9A9D2D814EA9}.SharedDebug|Win32.ActiveCfg = Debug|Win32
		{14AA8999-352F-4979-B446-9A9D2D814EA9}.SharedDebug|Win32.Build.0 = Debug|Win32
		{14AA8999-352F-4979-B446-9A9D2D814EA9}.SharedDebug|x64.ActiveCfg = Debug|Win32
		{14AA8999-352F-4979-B446-9A9D2D814EA9}.SharedRelease|Win32.ActiveCfg = Release|Win32
		{14AA8999-352F-4979-B446-9A9D2D814EA9}.SharedRelease|Win32.Build.0 = Release|Win32
		{14AA8999-352F-4979-B446-9A9D2D814EA9}.SharedRelease|x64.ActiveCfg = Release|Win32
		{B6D79E70-4C31-455B-BE51-7B2D5F40A840}.Debug_Publish|Win32.ActiveCfg = Debug_Publish|Win32
		{B6D79E70-4C31-455B-BE51-7B2D5F40A840}.Debug_Publish|Win32.Build.0 = Debug_Publish|Win32
		{B6D79E70-4C31-455B-BE51-7B2D5F40A840}.Debug_Publish|x64.ActiveCfg = Debug_Publish|x64
		{B6D79E70-4C31-455B-BE51-7B2D5F40A840}.Debug_Publish|x64.Build.0 = Debug_Publish|x64
		{B6D79E70-4C31-455B-BE51-7B2D5F40A840}.Debug|Win32.ActiveCfg = Debug|Win32
		{B6D79E70-4C31-455B-BE51-7B2D5F40A840}.Debug|Win32.Build.0 = Debug|Win32
		{B6D79E70-4C31-455B-BE51-7B2D5F40A840}.Debug|x64.ActiveCfg = Debug|x64
		{B6D79E70-4C31-455B-BE51-7B2D5F40A840}.Debug|x64.Build.0 = Debug|x64
		{B6D79E70-4C31-455B-BE51-7B2D5F40A840}.Release_Public|Win32.ActiveCfg = Release_Publish|x64
		{B6D79E70-4C31-455B-BE51-7B2D5F40A840}.Release_Public|x64.ActiveCfg = Release_Publish|x64
		{B6D79E70-4C31-455B-BE51-7B2D5F40A840}.Release_Public|x64.Build.0 = Release_Publish|x64
		{B6D79E70-4C31-455B-BE51-7B2D5F40A840}.Release_Publish|Win32.ActiveCfg = Release_Publish|Win32
		{B6D79E70-4C31-455B-BE51-7B2D5F40A840}.Release_Publish|Win32.Build.0 = Release_Publish|Win32
		{B6D79E70-4C31-455B-BE51-7B2D5F40A840}.Release_Publish|x64.ActiveCfg = Release_Publish|x64
		{B6D79E70-4C31-455B-BE51-7B2D5F40A840}.Release_Publish|x64.Build.0 = Release_Publish|x64
		{B6D79E70-4C31-455B-BE51-7B2D5F40A840}.Release|Win32.ActiveCfg = Release|Win32
		{B6D79E70-4C31-455B-BE51-7B2D5F40A840}.Release|Win32.Build.0 = Release|Win32
		{B6D79E70-4C31-455B-BE51-7B2D5F40A840}.Release|x64.ActiveCfg = Release|x64
		{B6D79E70-4C31-455B-BE51-7B2D5F40A840}.Release|x64.Build.0 = Release|x64
		{B6D79E70-4C31-455B-BE51-7B2D5F40A840}.ReleaseNoSSE|Win32.ActiveCfg = ReleaseNoSSE|Win32
		{B6D79E70-4C31-455B-BE51-7B2D5F40A840}.ReleaseNoSSE|Win32.Build.0 = ReleaseNoSSE|Win32
		{B6D79E70-4C31-455B-BE51-7B2D5F40A840}.ReleaseNoSSE|x64.ActiveCfg = ReleaseNoSSE|x64
		{B6D79E70-4C31-455B-BE51-7B2D5F40A840}.ReleaseNoSSE|x64.Build.0 = ReleaseNoSSE|x64
		{B6D79E70-4C31-455B-BE51-7B2D5F40A840}.SharedDebug|Win32.ActiveCfg = SharedDebug|Win32
		{B6D79E70-4C31-455B-BE51-7B2D5F40A840}.SharedDebug|Win32.Build.0 = SharedDebug|Win32
		{B6D79E70-4C31-455B-BE51-7B2D5F40A840}.SharedDebug|x64.ActiveCfg = SharedDebug|x64
		{B6D79E70-4C31-455B-BE51-7B2D5F40A840}.SharedDebug|x64.Build.0 = SharedDebug|x64
		{B6D79E70-4C31-455B-BE51-7B2D5F40A840}.SharedRelease|Win32.ActiveCfg = SharedRelease|Win32
		{B6D79E70-4C31-455B-BE51-7B2D5F40A840}.SharedRelease|Win32.Build.0 = SharedRelease|Win32
		{B6D79E70-4C31-455B-BE51-7B2D5F40A840}.SharedRelease|x64.ActiveCfg = SharedRelease|x64
		{B6D79E70-4C31-455B-BE51-7B2D5F40A840}.SharedRelease|x64.Build.0 = SharedRelease|x64
		{3423EC9A-52E4-4A4D-9753-EDEBC38785EF}.Debug_Publish|Win32.ActiveCfg = Debug_Publish|Win32
		{3423EC9A-52E4-4A4D-9753-EDEBC38785EF}.Debug_Publish|Win32.Build.0 = Debug_Publish|Win32
		{3423EC9A-52E4-4A4D-9753-EDEBC38785EF}.Debug_Publish|x64.ActiveCfg = Debug_Publish|x64
		{3423EC9A-52E4-4A4D-9753-EDEBC38785EF}.Debug_Publish|x64.Build.0 = Debug_Publish|x64
		{3423EC9A-52E4-4A4D-9753-EDEBC38785EF}.Debug|Win32.ActiveCfg = Debug|Win32
		{3423EC9A-52E4-4A4D-9753-EDEBC38785EF}.Debug|Win32.Build.0 = Debug|Win32
		{3423EC9A-52E4-4A4D-9753-EDEBC38785EF}.Debug|x64.ActiveCfg = Debug|x64
		{3423EC9A-52E4-4A4D-9753-EDEBC38785EF}.Debug|x64.Build.0 = Debug|x64
		{3423EC9A-52E4-4A4D-9753-EDEBC38785EF}.Release_Public|Win32.ActiveCfg = Release_Publish|x64
		{3423EC9A-52E4-4A4D-9753-EDEBC38785EF}.Release_Public|x64.ActiveCfg = Release_Publish|x64
		{3423EC9A-52E4-4A4D-9753-EDEBC38785EF}.Release_Public|x64.Build.0 = Release_Publish|x64
		{3423EC9A-52E4-4A4D-9753-EDEBC38785EF}.Release_Publish|Win32.ActiveCfg = Release_Publish|Win32
		{3423EC9A-52E4-4A4D-9753-EDEBC38785EF}.Release_Publish|Win32.Build.0 = Release_Publish|Win32
		{3423EC9A-52E4-4A4D-9753-EDEBC38785EF}.Release_Publish|x64.ActiveCfg = Release_Publish|x64
		{3423EC9A-52E4-4A4D-9753-EDEBC38785EF}.Release_Publish|x64.Build.0 = Release_Publish|x64
		{3423EC9A-52E4-4A4D-9753-EDEBC38785EF}.Release|Win32.ActiveCfg = Release|Win32
		{3423EC9A-52E4-4A4D-9753-EDEBC38785EF}.Release|Win32.Build.0 = Release|Win32
		{3423EC9A-52E4-4A4D-9753-EDEBC38785EF}.Release|x64.ActiveCfg = Release|x64
		{3423EC9A-52E4-4A4D-9753-EDEBC38785EF}.Release|x64.Build.0 = Release|x64
		{3423EC9A-52E4-4A4D-9753-EDEBC38785EF}.ReleaseNoSSE|Win32.ActiveCfg = ReleaseNoSSE|Win32
		{3423EC9A-52E4-4A4D-9753-EDEBC38785EF}.ReleaseNoSSE|Win32.Build.0 = ReleaseNoSSE|Win32
		{3423EC9A-52E4-4A4D-9753-EDEBC38785EF}.ReleaseNoSSE|x64.ActiveCfg = ReleaseNoSSE|x64
		{3423EC9A-52E4-4A4D-9753-EDEBC38785EF}.ReleaseNoSSE|x64.Build.0 = ReleaseNoSSE|x64
		{3423EC9A-52E4-4A4D-9753-EDEBC38785EF}.SharedDebug|Win32.ActiveCfg = SharedDebug|Win32
		{3423EC9A-52E4-4A4D-9753-EDEBC38785EF}.SharedDebug|Win32.Build.0 = SharedDebug|Win32
		{3423EC9A-52E4-4A4D-9753-EDEBC38785EF}.SharedDebug|x64.ActiveCfg = SharedDebug|x64
		{3423EC9A-52E4-4A4D-9753-EDEBC38785EF}.SharedDebug|x64.Build.0 = SharedDebug|x64
		{3423EC9A-52E4-4A4D-9753-EDEBC38785EF}.SharedRelease|Win32.ActiveCfg = SharedRelease|Win32
		{3423EC9A-52E4-4A4D-9753-EDEBC38785EF}.SharedRelease|Win32.Build.0 = SharedRelease|Win32
		{3423EC9A-52E4-4A4D-9753-EDEBC38785EF}.SharedRelease|x64.ActiveCfg = SharedRelease|x64
		{3423EC9A-52E4-4A4D-9753-EDEBC38785EF}.SharedRelease|x64.Build.0 = SharedRelease|x64
		{0D35DD7C-AD69-426D-8571-5CDCB60E1E17}.Debug_Publish|Win32.ActiveCfg = Debug_Publish|Win32
		{0D35DD7C-AD69-426D-8571-5CDCB60E1E17}.Debug_Publish|Win32.Build.0 = Debug_Publish|Win32
		{0D35DD7C-AD69-426D-8571-5CDCB60E1E17}.Debug_Publish|x64.ActiveCfg = Debug_Publish|x64
		{0D35DD7C-AD69-426D-8571-5CDCB60E1E17}.Debug_Publish|x64.Build.0 = Debug_Publish|x64
		{0D35DD7C-AD69-426D-8571-5CDCB60E1E17}.Debug|Win32.ActiveCfg = Debug|Win32
		{0D35DD7C-AD69-426D-8571-5CDCB60E1E17}.Debug|Win32.Build.0 = Debug|Win32
		{0D35DD7C-AD69-426D-8571-5CDCB60E1E17}.Debug|x64.ActiveCfg = Debug|x64
		{0D35DD7C-AD69-426D-8571-5CDCB60E1E17}.Debug|x64.Build.0 = Debug|x64
		{0D35DD7C-AD69-426D-8571-5CDCB60E1E17}.Release_Public|Win32.ActiveCfg = Release_Publish|x64
		{0D35DD7C-AD69-426D-8571-5CDCB60E1E17}.Release_Public|x64.ActiveCfg = Release_Publish|x64
		{0D35DD7C-AD69-426D-8571-5CDCB60E1E17}.Release_Public|x64.Build.0 = Release_Publish|x64
		{0D35DD7C-AD69-426D-8571-5CDCB60E1E17}.Release_Publish|Win32.ActiveCfg = Release_Publish|Win32
		{0D35DD7C-AD69-426D-8571-5CDCB60E1E17}.Release_Publish|Win32.Build.0 = Release_Publish|Win32
		{0D35DD7C-AD69-426D-8571-5CDCB60E1E17}.Release_Publish|x64.ActiveCfg = Release_Publish|x64
		{0D35DD7C-AD69-426D-8571-5CDCB60E1E17}.Release_Publish|x64.Build.0 = Release_Publish|x64
		{0D35DD7C-AD69-426D-8571-5CDCB60E1E17}.Release|Win32.ActiveCfg = Release|Win32
		{0D35DD7C-AD69-426D-8571-5CDCB60E1E17}.Release|Win32.Build.0 = Release|Win32
		{0D35DD7C-AD69-426D-8571-5CDCB60E1E17}.Release|x64.ActiveCfg = Release|x64
		{0D35DD7C-AD69-426D-8571-5CDCB60E1E17}.Release|x64.Build.0 = Release|x64
		{0D35DD7C-AD69-426D-8571-5CDCB60E1E17}.ReleaseNoSSE|Win32.ActiveCfg = ReleaseNoSSE|Win32
		{0D35DD7C-AD69-426D-8571-5CDCB60E1E17}.ReleaseNoSSE|Win32.Build.0 = ReleaseNoSSE|Win32
		{0D35DD7C-AD69-426D-8571-5CDCB60E1E17}.ReleaseNoSSE|x64.ActiveCfg = ReleaseNoSSE|x64
		{0D35DD7C-AD69-426D-8571-5CDCB60E1E17}.ReleaseNoSSE|x64.Build.0 = ReleaseNoSSE|x64
		{0D35DD7C-AD69-426D-8571-5CDCB60E1E17}.SharedDebug|Win32.ActiveCfg = SharedDebug|Win32
		{0D35DD7C-AD69-426D-8571-5CDCB60E1E17}.SharedDebug|Win32.Build.0 = SharedDebug|Win32
		{0D35DD7C-AD69-426D-8571-5CDCB60E1E17}.SharedDebug|x64.ActiveCfg = SharedDebug|x64
		{0D35DD7C-AD69-426D-8571-5CDCB60E1E17}.SharedDebug|x64.Build.0 = SharedDebug|x64
		{0D35DD7C-AD69-426D-8571-5CDCB60E1E17}.SharedRelease|Win32.ActiveCfg = SharedRelease|Win32
		{0D35DD7C-AD69-426D-8571-5CDCB60E1E17}.SharedRelease|Win32.Build.0 = SharedRelease|Win32
		{0D35DD7C-AD69-426D-8571-5CDCB60E1E17}.SharedRelease|x64.ActiveCfg = SharedRelease|x64
		{0D35DD7C-AD69-426D-8571-5CDCB60E1E17}.SharedRelease|x64.Build.0 = SharedRelease|x64
		{0008960E-E0DD-41A6-8265-00B31DDB4C21}.Debug_Publish|Win32.ActiveCfg = Debug_Publish|Win32
		{0008960E-E0DD-41A6-8265-00B31DDB4C21}.Debug_Publish|Win32.Build.0 = Debug_Publish|Win32
		{0008960E-E0DD-41A6-8265-00B31DDB4C21}.Debug_Publish|x64.ActiveCfg = Debug_Publish|x64
		{0008960E-E0DD-41A6-8265-00B31DDB4C21}.Debug_Publish|x64.Build.0 = Debug_Publish|x64
		{0008960E-E0DD-41A6-8265-00B31DDB4C21}.Debug|Win32.ActiveCfg = Debug|Win32
		{0008960E-E0DD-41A6-8265-00B31DDB4C21}.Debug|Win32.Build.0 = Debug|Win32
		{0008960E-E0DD-41A6-8265-00B31DDB4C21}.Debug|x64.ActiveCfg = Debug|x64
		{0008960E-E0DD-41A6-8265-00B31DDB4C21}.Debug|x64.Build.0 = Debug|x64
		{0008960E-E0DD-41A6-8265-00B31DDB4C21}.Release_Public|Win32.ActiveCfg = Release_Publish|x64
		{0008960E-E0DD-41A6-8265-00B31DDB4C21}.Release_Public|x64.ActiveCfg = Release_Publish|x64
		{0008960E-E0DD-41A6-8265-00B31DDB4C21}.Release_Public|x64.Build.0 = Release_Publish|x64
		{0008960E-E0DD-41A6-8265-00B31DDB4C21}.Release_Publish|Win32.ActiveCfg = Release_Publish|Win32
		{0008960E-E0DD-41A6-8265-00B31DDB4C21}.Release_Publish|Win32.Build.0 = Release_Publish|Win32
		{0008960E-E0DD-41A6-8265-00B31DDB4C21}.Release_Publish|x64.ActiveCfg = Release_Publish|x64
		{0008960E-E0DD-41A6-8265-00B31DDB4C21}.Release_Publish|x64.Build.0 = Release_Publish|x64
		{0008960E-E0DD-41A6-8265-00B31DDB4C21}.Release|Win32.ActiveCfg = Release|Win32
		{0008960E-E0DD-41A6-8265-00B31DDB4C21}.Release|Win32.Build.0 = Release|Win32
		{0008960E-E0DD-41A6-8265-00B31DDB4C21}.Release|x64.ActiveCfg = Release|x64
		{0008960E-E0DD-41A6-8265-00B31DDB4C21}.Release|x64.Build.0 = Release|x64
		{0008960E-E0DD-41A6-8265-00B31DDB4C21}.ReleaseNoSSE|Win32.ActiveCfg = ReleaseNoSSE|Win32
		{0008960E-E0DD-41A6-8265-00B31DDB4C21}.ReleaseNoSSE|Win32.Build.0 = ReleaseNoSSE|Win32
		{0008960E-E0DD-41A6-8265-00B31DDB4C21}.ReleaseNoSSE|x64.ActiveCfg = ReleaseNoSSE|x64
		{0008960E-E0DD-41A6-8265-00B31DDB4C21}.ReleaseNoSSE|x64.Build.0 = ReleaseNoSSE|x64
		{0008960E-E0DD-41A6-8265-00B31DDB4C21}.SharedDebug|Win32.ActiveCfg = SharedDebug|Win32
		{0008960E-E0DD-41A6-8265-00B31DDB4C21}.SharedDebug|Win32.Build.0 = SharedDebug|Win32
		{0008960E-E0DD-41A6-8265-00B31DDB4C21}.SharedDebug|x64.ActiveCfg = SharedDebug|x64
		{0008960E-E0DD-41A6-8265-00B31DDB4C21}.SharedDebug|x64.Build.0 = SharedDebug|x64
		{0008960E-E0DD-41A6-8265-00B31DDB4C21}.SharedRelease|Win32.ActiveCfg = SharedRelease|Win32
		{0008960E-E0DD-41A6-8265-00B31DDB4C21}.SharedRelease|Win32.Build.0 = SharedRelease|Win32
		{0008960E-E0DD-41A6-8265-00B31DDB4C21}.SharedRelease|x64.ActiveCfg = SharedRelease|x64
		{0008960E-E0DD-41A6-8265-00B31DDB4C21}.SharedRelease|x64.Build.0 = SharedRelease|x64
		{350B721F-9E77-4FBE-AEE0-3CBB08E0CD22}.Debug_Publish|Win32.ActiveCfg = Debug_Publish|Win32
		{350B721F-9E77-4FBE-AEE0-3CBB08E0CD22}.Debug_Publish|Win32.Build.0 = Debug_Publish|Win32
		{350B721F-9E77-4FBE-AEE0-3CBB08E0CD22}.Debug_Publish|x64.ActiveCfg = Debug_Publish|x64
		{350B721F-9E77-4FBE-AEE0-3CBB08E0CD22}.Debug_Publish|x64.Build.0 = Debug_Publish|x64
		{350B721F-9E77-4FBE-AEE0-3CBB08E0CD22}.Debug|Win32.ActiveCfg = Debug|Win32
		{350B721F-9E77-4FBE-AEE0-3CBB08E0CD22}.Debug|Win32.Build.0 = Debug|Win32
		{350B721F-9E77-4FBE-AEE0-3CBB08E0CD22}.Debug|x64.ActiveCfg = Debug|x64
		{350B721F-9E77-4FBE-AEE0-3CBB08E0CD22}.Debug|x64.Build.0 = Debug|x64
		{350B721F-9E77-4FBE-AEE0-3CBB08E0CD22}.Release_Public|Win32.ActiveCfg = Release_Publish|x64
		{350B721F-9E77-4FBE-AEE0-3CBB08E0CD22}.Release_Public|x64.ActiveCfg = Release_Publish|x64
		{350B721F-9E77-4FBE-AEE0-3CBB08E0CD22}.Release_Public|x64.Build.0 = Release_Publish|x64
		{350B721F-9E77-4FBE-AEE0-3CBB08E0CD22}.Release_Publish|Win32.ActiveCfg = Release_Publish|Win32
		{350B721F-9E77-4FBE-AEE0-3CBB08E0CD22}.Release_Publish|Win32.Build.0 = Release_Publish|Win32
		{350B721F-9E77-4FBE-AEE0-3CBB08E0CD22}.Release_Publish|x64.ActiveCfg = Release_Publish|x64
		{350B721F-9E77-4FBE-AEE0-3CBB08E0CD22}.Release_Publish|x64.Build.0 = Release_Publish|x64
		{350B721F-9E77-4FBE-AEE0-3CBB08E0CD22}.Release|Win32.ActiveCfg = Release|Win32
		{350B721F-9E77-4FBE-AEE0-3CBB08E0CD22}.Release|Win32.Build.0 = Release|Win32
		{350B721F-9E77-4FBE-AEE0-3CBB08E0CD22}.Release|x64.ActiveCfg = Release|x64
		{350B721F-9E77-4FBE-AEE0-3CBB08E0CD22}.Release|x64.Build.0 = Release|x64
		{350B721F-9E77-4FBE-AEE0-3CBB08E0CD22}.ReleaseNoSSE|Win32.ActiveCfg = ReleaseNOSSE|Win32
		{350B721F-9E77-4FBE-AEE0-3CBB08E0CD22}.ReleaseNoSSE|Win32.Build.0 = ReleaseNOSSE|Win32
		{350B721F-9E77-4FBE-AEE0-3CBB08E0CD22}.ReleaseNoSSE|x64.ActiveCfg = ReleaseNOSSE|x64
		{350B721F-9E77-4FBE-AEE0-3CBB08E0CD22}.ReleaseNoSSE|x64.Build.0 = ReleaseNOSSE|x64
		{350B721F-9E77-4FBE-AEE0-3CBB08E0CD22}.SharedDebug|Win32.ActiveCfg = SharedDebug|Win32
		{350B721F-9E77-4FBE-AEE0-3CBB08E0CD22}.SharedDebug|Win32.Build.0 = SharedDebug|Win32
		{350B721F-9E77-4FBE-AEE0-3CBB08E0CD22}.SharedDebug|x64.ActiveCfg = SharedDebug|x64
		{350B721F-9E77-4FBE-AEE0-3CBB08E0CD22}.SharedDebug|x64.Build.0 = SharedDebug|x64
		{350B721F-9E77-4FBE-AEE0-3CBB08E0CD22}.SharedRelease|Win32.ActiveCfg = SharedRelease|Win32
		{350B721F-9E77-4FBE-AEE0-3CBB08E0CD22}.SharedRelease|Win32.Build.0 = SharedRelease|Win32
		{350B721F-9E77-4FBE-AEE0-3CBB08E0CD22}.SharedRelease|x64.ActiveCfg = SharedRelease|x64
		{350B721F-9E77-4FBE-AEE0-3CBB08E0CD22}.SharedRelease|x64.Build.0 = SharedRelease|x64
		{AD1E6B4C-7ECC-4FCE-99C0-A3B280376128}.Debug_Publish|Win32.ActiveCfg = Debug_Publish|Win32
		{AD1E6B4C-7ECC-4FCE-99C0-A3B280376128}.Debug_Publish|Win32.Build.0 = Debug_Publish|Win32
		{AD1E6B4C-7ECC-4FCE-99C0-A3B280376128}.Debug_Publish|x64.ActiveCfg = Debug_Publish|Win32
		{AD1E6B4C-7ECC-4FCE-99C0-A3B280376128}.Debug|Win32.ActiveCfg = Debug|Win32
		{AD1E6B4C-7ECC-4FCE-99C0-A3B280376128}.Debug|Win32.Build.0 = Debug|Win32
		{AD1E6B4C-7ECC-4FCE-99C0-A3B280376128}.Debug|x64.ActiveCfg = Debug|Win32
		{AD1E6B4C-7ECC-4FCE-99C0-A3B280376128}.Release_Public|Win32.ActiveCfg = Release_Publish|Win32
		{AD1E6B4C-7ECC-4FCE-99C0-A3B280376128}.Release_Public|Win32.Build.0 = Release_Publish|Win32
		{AD1E6B4C-7ECC-4FCE-99C0-A3B280376128}.Release_Public|x64.ActiveCfg = Release_Publish|Win32
		{AD1E6B4C-7ECC-4FCE-99C0-A3B280376128}.Release_Publish|Win32.ActiveCfg = Release_Publish|Win32
		{AD1E6B4C-7ECC-4FCE-99C0-A3B280376128}.Release_Publish|Win32.Build.0 = Release_Publish|Win32
		{AD1E6B4C-7ECC-4FCE-99C0-A3B280376128}.Release_Publish|x64.ActiveCfg = Release_Publish|Win32
		{AD1E6B4C-7ECC-4FCE-99C0-A3B280376128}.Release|Win32.ActiveCfg = Release|Win32
		{AD1E6B4C-7ECC-4FCE-99C0-A3B280376128}.Release|Win32.Build.0 = Release|Win32
		{AD1E6B4C-7ECC-4FCE-99C0-A3B280376128}.Release|x64.ActiveCfg = Release|Win32
		{AD1E6B4C-7ECC-4FCE-99C0-A3B280376128}.ReleaseNoSSE|Win32.ActiveCfg = Release|Win32
		{AD1E6B4C-7ECC-4FCE-99C0-A3B280376128}.ReleaseNoSSE|Win32.Build.0 = Release|Win32
		{AD1E6B4C-7ECC-4FCE-99C0-A3B280376128}.ReleaseNoSSE|x64.ActiveCfg = Release|Win32
		{AD1E6B4C-7ECC-4FCE-99C0-A3B280376128}.SharedDebug|Win32.ActiveCfg = Debug|Win32
		{AD1E6B4C-7ECC-4FCE-99C0-A3B280376128}.SharedDebug|Win32.Build.0 = Debug|Win32
		{AD1E6B4C-7ECC-4FCE-99C0-A3B280376128}.SharedDebug|x64.ActiveCfg = Debug|Win32
		{AD1E6B4C-7ECC-4FCE-99C0-A3B280376128}.SharedRelease|Win32.ActiveCfg = Release|Win32
		{AD1E6B4C-7ECC-4FCE-99C0-A3B280376128}.SharedRelease|Win32.Build.0 = Release|Win32
		{AD1E6B4C-7ECC-4FCE-99C0-A3B280376128}.SharedRelease|x64.ActiveCfg = Release|Win32
		{1E6C2C1C-6453-4129-AE3F-0EE8E6599C89}.Debug_Publish|Win32.ActiveCfg = Debug|x64
		{1E6C2C1C-6453-4129-AE3F-0EE8E6599C89}.Debug_Publish|x64.ActiveCfg = Debug|x64
		{1E6C2C1C-6453-4129-AE3F-0EE8E6599C89}.Debug_Publish|x64.Build.0 = Debug|x64
		{1E6C2C1C-6453-4129-AE3F-0EE8E6599C89}.Debug|Win32.ActiveCfg = Debug|Win32
		{1E6C2C1C-6453-4129-AE3F-0EE8E6599C89}.Debug|Win32.Build.0 = Debug|Win32
		{1E6C2C1C-6453-4129-AE3F-0EE8E6599C89}.Debug|x64.ActiveCfg = Debug|x64
		{1E6C2C1C-6453-4129-AE3F-0EE8E6599C89}.Debug|x64.Build.0 = Debug|x64
		{1E6C2C1C-6453-4129-AE3F-0EE8E6599C89}.Release_Public|Win32.ActiveCfg = Release_Publish|x64
		{1E6C2C1C-6453-4129-AE3F-0EE8E6599C89}.Release_Public|x64.ActiveCfg = Release_Publish|x64
		{1E6C2C1C-6453-4129-AE3F-0EE8E6599C89}.Release_Public|x64.Build.0 = Release_Publish|x64
		{1E6C2C1C-6453-4129-AE3F-0EE8E6599C89}.Release_Publish|Win32.ActiveCfg = Release_Publish|Win32
		{1E6C2C1C-6453-4129-AE3F-0EE8E6599C89}.Release_Publish|x64.ActiveCfg = Release|x64
		{1E6C2C1C-6453-4129-AE3F-0EE8E6599C89}.Release_Publish|x64.Build.0 = Release|x64
		{1E6C2C1C-6453-4129-AE3F-0EE8E6599C89}.Release|Win32.ActiveCfg = Release|Win32
		{1E6C2C1C-6453-4129-AE3F-0EE8E6599C89}.Release|Win32.Build.0 = Release|Win32
		{1E6C2C1C-6453-4129-AE3F-0EE8E6599C89}.Release|x64.ActiveCfg = Release|x64
		{1E6C2C1C-6453-4129-AE3F-0EE8E6599C89}.Release|x64.Build.0 = Release|x64
		{1E6C2C1C-6453-4129-AE3F-0EE8E6599C89}.ReleaseNoSSE|Win32.ActiveCfg = Release|x64
		{1E6C2C1C-6453-4129-AE3F-0EE8E6599C89}.ReleaseNoSSE|x64.ActiveCfg = Release|x64
		{1E6C2C1C-6453-4129-AE3F-0EE8E6599C89}.ReleaseNoSSE|x64.Build.0 = Release|x64
		{1E6C2C1C-6453-4129-AE3F-0EE8E6599C89}.SharedDebug|Win32.ActiveCfg = Debug|Win32
		{1E6C2C1C-6453-4129-AE3F-0EE8E6599C89}.SharedDebug|Win32.Build.0 = Debug|Win32
		{1E6C2C1C-6453-4129-AE3F-0EE8E6599C89}.SharedDebug|x64.ActiveCfg = Debug|x64
		{1E6C2C1C-6453-4129-AE3F-0EE8E6599C89}.SharedDebug|x64.Build.0 = Debug|x64
		{1E6C2C1C-6453-4129-AE3F-0EE8E6599C89}.SharedRelease|Win32.ActiveCfg = Release|Win32
		{1E6C2C1C-6453-4129-AE3F-0EE8E6599C89}.SharedRelease|Win32.Build.0 = Release|Win32
		{1E6C2C1C-6453-4129-AE3F-0EE8E6599C89}.SharedRelease|x64.ActiveCfg = Release|x64
		{1E6C2C1C-6453-4129-AE3F-0EE8E6599C89}.SharedRelease|x64.Build.0 = Release|x64
		{63D82F56-4B5F-4616-A3D7-2E6A4A752316}.Debug_Publish|Win32.ActiveCfg = Debug|Win32
		{63D82F56-4B5F-4616-A3D7-2E6A4A752316}.Debug_Publish|Win32.Build.0 = Debug|Win32
		{63D82F56-4B5F-4616-A3D7-2E6A4A752316}.Debug_Publish|x64.ActiveCfg = Debug|Win32
		{63D82F56-4B5F-4616-A3D7-2E6A4A752316}.Debug|Win32.ActiveCfg = Debug|Win32
		{63D82F56-4B5F-4616-A3D7-2E6A4A752316}.Debug|Win32.Build.0 = Debug|Win32
		{63D82F56-4B5F-4616-A3D7-2E6A4A752316}.Debug|x64.ActiveCfg = Debug|Win32
		{63D82F56-4B5F-4616-A3D7-2E6A4A752316}.Release_Public|Win32.ActiveCfg = Release|Win32
		{63D82F56-4B5F-4616-A3D7-2E6A4A752316}.Release_Public|Win32.Build.0 = Release|Win32
		{63D82F56-4B5F-4616-A3D7-2E6A4A752316}.Release_Public|x64.ActiveCfg = Release|Win32
		{63D82F56-4B5F-4616-A3D7-2E6A4A752316}.Release_Publish|Win32.ActiveCfg = Release_Publish|Win32
		{63D82F56-4B5F-4616-A3D7-2E6A4A752316}.Release_Publish|Win32.Build.0 = Release_Publish|Win32
		{63D82F56-4B5F-4616-A3D7-2E6A4A752316}.Release_Publish|x64.ActiveCfg = Release|Win32
		{63D82F56-4B5F-4616-A3D7-2E6A4A752316}.Release|Win32.ActiveCfg = Release|Win32
		{63D82F56-4B5F-4616-A3D7-2E6A4A752316}.Release|Win32.Build.0 = Release|Win32
		{63D82F56-4B5F-4616-A3D7-2E6A4A752316}.Release|x64.ActiveCfg = Release|Win32
		{63D82F56-4B5F-4616-A3D7-2E6A4A752316}.ReleaseNoSSE|Win32.ActiveCfg = Release|Win32
		{63D82F56-4B5F-4616-A3D7-2E6A4A752316}.ReleaseNoSSE|Win32.Build.0 = Release|Win32
		{63D82F56-4B5F-4616-A3D7-2E6A4A752316}.ReleaseNoSSE|x64.ActiveCfg = Release|Win32
		{63D82F56-4B5F-4616-A3D7-2E6A4A752316}.SharedDebug|Win32.ActiveCfg = Debug|Win32
		{63D82F56-4B5F-4616-A3D7-2E6A4A752316}.SharedDebug|Win32.Build.0 = Debug|Win32
		{63D82F56-4B5F-4616-A3D7-2E6A4A752316}.SharedDebug|x64.ActiveCfg = Debug|Win32
		{63D82F56-4B5F-4616-A3D7-2E6A4A752316}.SharedRelease|Win32.ActiveCfg = Release|Win32
		{63D82F56-4B5F-4616-A3D7-2E6A4A752316}.SharedRelease|Win32.Build.0 = Release|Win32
		{63D82F56-4B5F-4616-A3D7-2E6A4A752316}.SharedRelease|x64.ActiveCfg = Release|Win32
	EndGlobalSection
	GlobalSection(SolutionProperties) = preSolution
		HideSolutionNode = FALSE
	EndGlobalSection
EndGlobal
